
Microsoft Visual Studio Solution File, Format Version 12.00
# Visual Studio Version 16
VisualStudioVersion = 16.0.29123.88
MinimumVisualStudioVersion = 10.0.40219.1
Project("{FAE04EC0-301F-11D3-BF4B-00C04F79EFBC}") = "Rubick.Android", "Rubick.Android\Rubick.Android.csproj", "{CBE3CEE5-4773-4064-9D6D-657875FB6989}"
EndProject
Project("{FAE04EC0-301F-11D3-BF4B-00C04F79EFBC}") = "Rubick.iOS", "Rubick.iOS\Rubick.iOS.csproj", "{5DDF5A2C-1A43-4E0C-AE13-384821DC348C}"
EndProject
Project("{FAE04EC0-301F-11D3-BF4B-00C04F79EFBC}") = "Rubick", "Rubick\Rubick.csproj", "{0C4866A3-AB2A-4874-8E46-ABC96DB0F0CE}"
EndProject
Global
	GlobalSection(SolutionConfigurationPlatforms) = preSolution
		Debug|Any CPU = Debug|Any CPU
		Debug|iPhone = Debug|iPhone
		Debug|iPhoneSimulator = Debug|iPhoneSimulator
		Release|Any CPU = Release|Any CPU
		Release|iPhone = Release|iPhone
		Release|iPhoneSimulator = Release|iPhoneSimulator
	EndGlobalSection
	GlobalSection(ProjectConfigurationPlatforms) = postSolution
		{CBE3CEE5-4773-4064-9D6D-657875FB6989}.Debug|Any CPU.ActiveCfg = Debug|Any CPU
		{CBE3CEE5-4773-4064-9D6D-657875FB6989}.Debug|Any CPU.Build.0 = Debug|Any CPU
		{CBE3CEE5-4773-4064-9D6D-657875FB6989}.Debug|Any CPU.Deploy.0 = Debug|Any CPU
		{CBE3CEE5-4773-4064-9D6D-657875FB6989}.Debug|iPhone.ActiveCfg = Debug|Any CPU
		{CBE3CEE5-4773-4064-9D6D-657875FB6989}.Debug|iPhone.Build.0 = Debug|Any CPU
		{CBE3CEE5-4773-4064-9D6D-657875FB6989}.Debug|iPhone.Deploy.0 = Debug|Any CPU
		{CBE3CEE5-4773-4064-9D6D-657875FB6989}.Debug|iPhoneSimulator.ActiveCfg = Debug|Any CPU
		{CBE3CEE5-4773-4064-9D6D-657875FB6989}.Debug|iPhoneSimulator.Build.0 = Debug|Any CPU
		{CBE3CEE5-4773-4064-9D6D-657875FB6989}.Debug|iPhoneSimulator.Deploy.0 = Debug|Any CPU
		{CBE3CEE5-4773-4064-9D6D-657875FB6989}.Release|Any CPU.ActiveCfg = Release|Any CPU
		{CBE3CEE5-4773-4064-9D6D-657875FB6989}.Release|Any CPU.Build.0 = Release|Any CPU
		{CBE3CEE5-4773-4064-9D6D-657875FB6989}.Release|Any CPU.Deploy.0 = Release|Any CPU
		{CBE3CEE5-4773-4064-9D6D-657875FB6989}.Release|iPhone.ActiveCfg = Release|Any CPU
		{CBE3CEE5-4773-4064-9D6D-657875FB6989}.Release|iPhone.Build.0 = Release|Any CPU
		{CBE3CEE5-4773-4064-9D6D-657875FB6989}.Release|iPhone.Deploy.0 = Release|Any CPU
		{CBE3CEE5-4773-4064-9D6D-657875FB6989}.Release|iPhoneSimulator.ActiveCfg = Release|Any CPU
		{CBE3CEE5-4773-4064-9D6D-657875FB6989}.Release|iPhoneSimulator.Build.0 = Release|Any CPU
		{CBE3CEE5-4773-4064-9D6D-657875FB6989}.Release|iPhoneSimulator.Deploy.0 = Release|Any CPU
		{5DDF5A2C-1A43-4E0C-AE13-384821DC348C}.Debug|Any CPU.ActiveCfg = Debug|iPhoneSimulator
		{5DDF5A2C-1A43-4E0C-AE13-384821DC348C}.Debug|Any CPU.Build.0 = Debug|iPhoneSimulator
		{5DDF5A2C-1A43-4E0C-AE13-384821DC348C}.Debug|Any CPU.Deploy.0 = Debug|iPhoneSimulator
		{5DDF5A2C-1A43-4E0C-AE13-384821DC348C}.Debug|iPhone.ActiveCfg = Debug|iPhone
		{5DDF5A2C-1A43-4E0C-AE13-384821DC348C}.Debug|iPhone.Build.0 = Debug|iPhone
		{5DDF5A2C-1A43-4E0C-AE13-384821DC348C}.Debug|iPhone.Deploy.0 = Debug|iPhone
		{5DDF5A2C-1A43-4E0C-AE13-384821DC348C}.Debug|iPhoneSimulator.ActiveCfg = Debug|iPhoneSimulator
		{5DDF5A2C-1A43-4E0C-AE13-384821DC348C}.Debug|iPhoneSimulator.Build.0 = Debug|iPhoneSimulator
		{5DDF5A2C-1A43-4E0C-AE13-384821DC348C}.Debug|iPhoneSimulator.Deploy.0 = Debug|iPhoneSimulator
		{5DDF5A2C-1A43-4E0C-AE13-384821DC348C}.Release|Any CPU.ActiveCfg = Release|iPhone
		{5DDF5A2C-1A43-4E0C-AE13-384821DC348C}.Release|Any CPU.Build.0 = Release|iPhone
		{5DDF5A2C-1A43-4E0C-AE13-384821DC348C}.Release|Any CPU.Deploy.0 = Release|iPhone
		{5DDF5A2C-1A43-4E0C-AE13-384821DC348C}.Release|iPhone.ActiveCfg = Release|iPhone
		{5DDF5A2C-1A43-4E0C-AE13-384821DC348C}.Release|iPhone.Build.0 = Release|iPhone
		{5DDF5A2C-1A43-4E0C-AE13-384821DC348C}.Release|iPhone.Deploy.0 = Release|iPhone
		{5DDF5A2C-1A43-4E0C-AE13-384821DC348C}.Release|iPhoneSimulator.ActiveCfg = Release|iPhoneSimulator
		{5DDF5A2C-1A43-4E0C-AE13-384821DC348C}.Release|iPhoneSimulator.Build.0 = Release|iPhoneSimulator
		{5DDF5A2C-1A43-4E0C-AE13-384821DC348C}.Release|iPhoneSimulator.Deploy.0 = Release|iPhoneSimulator
		{0C4866A3-AB2A-4874-8E46-ABC96DB0F0CE}.Debug|Any CPU.ActiveCfg = Debug|Any CPU
		{0C4866A3-AB2A-4874-8E46-ABC96DB0F0CE}.Debug|Any CPU.Build.0 = Debug|Any CPU
		{0C4866A3-AB2A-4874-8E46-ABC96DB0F0CE}.Debug|Any CPU.Deploy.0 = Debug|Any CPU
		{0C4866A3-AB2A-4874-8E46-ABC96DB0F0CE}.Debug|iPhone.ActiveCfg = Debug|Any CPU
		{0C4866A3-AB2A-4874-8E46-ABC96DB0F0CE}.Debug|iPhone.Build.0 = Debug|Any CPU
		{0C4866A3-AB2A-4874-8E46-ABC96DB0F0CE}.Debug|iPhone.Deploy.0 = Debug|Any CPU
		{0C4866A3-AB2A-4874-8E46-ABC96DB0F0CE}.Debug|iPhoneSimulator.ActiveCfg = Debug|Any CPU
		{0C4866A3-AB2A-4874-8E46-ABC96DB0F0CE}.Debug|iPhoneSimulator.Build.0 = Debug|Any CPU
		{0C4866A3-AB2A-4874-8E46-ABC96DB0F0CE}.Debug|iPhoneSimulator.Deploy.0 = Debug|Any CPU
		{0C4866A3-AB2A-4874-8E46-ABC96DB0F0CE}.Release|Any CPU.ActiveCfg = Release|Any CPU
		{0C4866A3-AB2A-4874-8E46-ABC96DB0F0CE}.Release|Any CPU.Build.0 = Release|Any CPU
		{0C4866A3-AB2A-4874-8E46-ABC96DB0F0CE}.Release|Any CPU.Deploy.0 = Release|Any CPU
		{0C4866A3-AB2A-4874-8E46-ABC96DB0F0CE}.Release|iPhone.ActiveCfg = Release|Any CPU
		{0C4866A3-AB2A-4874-8E46-ABC96DB0F0CE}.Release|iPhone.Build.0 = Release|Any CPU
		{0C4866A3-AB2A-4874-8E46-ABC96DB0F0CE}.Release|iPhone.Deploy.0 = Release|Any CPU
		{0C4866A3-AB2A-4874-8E46-ABC96DB0F0CE}.Release|iPhoneSimulator.ActiveCfg = Release|Any CPU
		{0C4866A3-AB2A-4874-8E46-ABC96DB0F0CE}.Release|iPhoneSimulator.Build.0 = Release|Any CPU
		{0C4866A3-AB2A-4874-8E46-ABC96DB0F0CE}.Release|iPhoneSimulator.Deploy.0 = Release|Any CPU
	EndGlobalSection
	GlobalSection(SolutionProperties) = preSolution
		HideSolutionNode = FALSE
	EndGlobalSection
	GlobalSection(ExtensibilityGlobals) = postSolution
		SolutionGuid = {6E7E25D0-58AF-4B74-B62D-F8872EBB901C}
	EndGlobalSection
EndGlobal
